
Microsoft Visual Studio Solution File, Format Version 12.00
# Visual Studio Version 17
VisualStudioVersion = 17.4.33103.184
MinimumVisualStudioVersion = 10.0.40219.1
Project("{FAE04EC0-301F-11D3-BF4B-00C04F79EFBC}") = "Homestead.Server", "Homestead\Server\Homestead.Server.csproj", "{75F27CF6-5C0E-4979-AC7E-861F60680B0D}"
EndProject
Project("{FAE04EC0-301F-11D3-BF4B-00C04F79EFBC}") = "Homestead.Client", "Homestead\Client\Homestead.Client.csproj", "{ACE62B92-5842-4B5D-AE53-72B2ABFF53B9}"
EndProject
Project("{FAE04EC0-301F-11D3-BF4B-00C04F79EFBC}") = "Homestead.Shared", "Homestead\Shared\Homestead.Shared.csproj", "{5E5B88BA-35F2-4876-9674-CE2F8F8C195A}"
EndProject
Global
	GlobalSection(SolutionConfigurationPlatforms) = preSolution
		Debug|Any CPU = Debug|Any CPU
		Release|Any CPU = Release|Any CPU
	EndGlobalSection
	GlobalSection(ProjectConfigurationPlatforms) = postSolution
		{75F27CF6-5C0E-4979-AC7E-861F60680B0D}.Debug|Any CPU.ActiveCfg = Debug|Any CPU
		{75F27CF6-5C0E-4979-AC7E-861F60680B0D}.Debug|Any CPU.Build.0 = Debug|Any CPU
		{75F27CF6-5C0E-4979-AC7E-861F60680B0D}.Release|Any CPU.ActiveCfg = Release|Any CPU
		{75F27CF6-5C0E-4979-AC7E-861F60680B0D}.Release|Any CPU.Build.0 = Release|Any CPU
		{ACE62B92-5842-4B5D-AE53-72B2ABFF53B9}.Debug|Any CPU.ActiveCfg = Debug|Any CPU
		{ACE62B92-5842-4B5D-AE53-72B2ABFF53B9}.Debug|Any CPU.Build.0 = Debug|Any CPU
		{ACE62B92-5842-4B5D-AE53-72B2ABFF53B9}.Release|Any CPU.ActiveCfg = Release|Any CPU
		{ACE62B92-5842-4B5D-AE53-72B2ABFF53B9}.Release|Any CPU.Build.0 = Release|Any CPU
		{5E5B88BA-35F2-4876-9674-CE2F8F8C195A}.Debug|Any CPU.ActiveCfg = Debug|Any CPU
		{5E5B88BA-35F2-4876-9674-CE2F8F8C195A}.Debug|Any CPU.Build.0 = Debug|Any CPU
		{5E5B88BA-35F2-4876-9674-CE2F8F8C195A}.Release|Any CPU.ActiveCfg = Release|Any CPU
		{5E5B88BA-35F2-4876-9674-CE2F8F8C195A}.Release|Any CPU.Build.0 = Release|Any CPU
	EndGlobalSection
	GlobalSection(SolutionProperties) = preSolution
		HideSolutionNode = FALSE
	EndGlobalSection
	GlobalSection(ExtensibilityGlobals) = postSolution
		SolutionGuid = {F0F517A1-8D1D-4A8B-BBA5-7CAF05B9CC56}
	EndGlobalSection
EndGlobal
